
Microsoft Visual Studio Solution File, Format Version 12.00
# Visual Studio 15
VisualStudioVersion = 15.0.28010.2046
MinimumVisualStudioVersion = 10.0.40219.1
Project("{8BC9CEB8-8B4A-11D0-8D11-00A0C91BC942}") = "MonsterChase", "MonsterChase\MonsterChase.vcxproj", "{38B2681C-264D-4BE6-8F28-3A625A69B04E}"
	ProjectSection(ProjectDependencies) = postProject
		{B3F59FEE-F5AE-4F6D-A4B2-FE2E8C6983F1} = {B3F59FEE-F5AE-4F6D-A4B2-FE2E8C6983F1}
	EndProjectSection
EndProject
Project("{8BC9CEB8-8B4A-11D0-8D11-00A0C91BC942}") = "Engine", "MonsterChase\Engine\Engine.vcxproj", "{B3F59FEE-F5AE-4F6D-A4B2-FE2E8C6983F1}"
EndProject
Project("{8BC9CEB8-8B4A-11D0-8D11-00A0C91BC942}") = "Unittest", "UnitTest\Unittest\Unittest.vcxproj", "{AD5D330D-EE1B-4273-A3B4-4BF76B476C3D}"
EndProject
Project("{8BC9CEB8-8B4A-11D0-8D11-00A0C91BC942}") = "FinalExamSampleProject", "final-exam-unit-test-master\FinalExamSampleProject.vcxproj", "{41797437-2873-4833-B294-7913DB3A24FE}"
EndProject
Global
	GlobalSection(SolutionConfigurationPlatforms) = preSolution
		Debug|x64 = Debug|x64
		Debug|x86 = Debug|x86
		Release|x64 = Release|x64
		Release|x86 = Release|x86
	EndGlobalSection
	GlobalSection(ProjectConfigurationPlatforms) = postSolution
		{38B2681C-264D-4BE6-8F28-3A625A69B04E}.Debug|x64.ActiveCfg = Debug|x64
		{38B2681C-264D-4BE6-8F28-3A625A69B04E}.Debug|x64.Build.0 = Debug|x64
		{38B2681C-264D-4BE6-8F28-3A625A69B04E}.Debug|x86.ActiveCfg = Debug|Win32
		{38B2681C-264D-4BE6-8F28-3A625A69B04E}.Debug|x86.Build.0 = Debug|Win32
		{38B2681C-264D-4BE6-8F28-3A625A69B04E}.Release|x64.ActiveCfg = Release|x64
		{38B2681C-264D-4BE6-8F28-3A625A69B04E}.Release|x64.Build.0 = Release|x64
		{38B2681C-264D-4BE6-8F28-3A625A69B04E}.Release|x86.ActiveCfg = Release|Win32
		{38B2681C-264D-4BE6-8F28-3A625A69B04E}.Release|x86.Build.0 = Release|Win32
		{B3F59FEE-F5AE-4F6D-A4B2-FE2E8C6983F1}.Debug|x64.ActiveCfg = Debug|x64
		{B3F59FEE-F5AE-4F6D-A4B2-FE2E8C6983F1}.Debug|x64.Build.0 = Debug|x64
		{B3F59FEE-F5AE-4F6D-A4B2-FE2E8C6983F1}.Debug|x86.ActiveCfg = Debug|Win32
		{B3F59FEE-F5AE-4F6D-A4B2-FE2E8C6983F1}.Debug|x86.Build.0 = Debug|Win32
		{B3F59FEE-F5AE-4F6D-A4B2-FE2E8C6983F1}.Release|x64.ActiveCfg = Release|x64
		{B3F59FEE-F5AE-4F6D-A4B2-FE2E8C6983F1}.Release|x64.Build.0 = Release|x64
		{B3F59FEE-F5AE-4F6D-A4B2-FE2E8C6983F1}.Release|x86.ActiveCfg = Release|Win32
		{B3F59FEE-F5AE-4F6D-A4B2-FE2E8C6983F1}.Release|x86.Build.0 = Release|Win32
		{AD5D330D-EE1B-4273-A3B4-4BF76B476C3D}.Debug|x64.ActiveCfg = Debug|x64
		{AD5D330D-EE1B-4273-A3B4-4BF76B476C3D}.Debug|x64.Build.0 = Debug|x64
		{AD5D330D-EE1B-4273-A3B4-4BF76B476C3D}.Debug|x86.ActiveCfg = Debug|Win32
		{AD5D330D-EE1B-4273-A3B4-4BF76B476C3D}.Debug|x86.Build.0 = Debug|Win32
		{AD5D330D-EE1B-4273-A3B4-4BF76B476C3D}.Release|x64.ActiveCfg = Release|x64
		{AD5D330D-EE1B-4273-A3B4-4BF76B476C3D}.Release|x64.Build.0 = Release|x64
		{AD5D330D-EE1B-4273-A3B4-4BF76B476C3D}.Release|x86.ActiveCfg = Release|Win32
		{AD5D330D-EE1B-4273-A3B4-4BF76B476C3D}.Release|x86.Build.0 = Release|Win32
		{41797437-2873-4833-B294-7913DB3A24FE}.Debug|x64.ActiveCfg = Debug|x64
		{41797437-2873-4833-B294-7913DB3A24FE}.Debug|x64.Build.0 = Debug|x64
		{41797437-2873-4833-B294-7913DB3A24FE}.Debug|x86.ActiveCfg = Debug|Win32
		{41797437-2873-4833-B294-7913DB3A24FE}.Debug|x86.Build.0 = Debug|Win32
		{41797437-2873-4833-B294-7913DB3A24FE}.Release|x64.ActiveCfg = Release|x64
		{41797437-2873-4833-B294-7913DB3A24FE}.Release|x64.Build.0 = Release|x64
		{41797437-2873-4833-B294-7913DB3A24FE}.Release|x86.ActiveCfg = Release|Win32
		{41797437-2873-4833-B294-7913DB3A24FE}.Release|x86.Build.0 = Release|Win32
	EndGlobalSection
	GlobalSection(SolutionProperties) = preSolution
		HideSolutionNode = FALSE
	EndGlobalSection
	GlobalSection(ExtensibilityGlobals) = postSolution
		SolutionGuid = {64A46E0B-D433-4DB0-9FAB-834BBD414F9A}
	EndGlobalSection
EndGlobal
